PODS:
  - Alamofire (5.2.2)
  - ALProgressRing (1.1.0)
  - Kingfisher (5.15.0):
    - Kingfisher/Core (= 5.15.0)
  - Kingfisher/Core (5.15.0)
  - LinearProgressBar (1.0.2)
  - SwiftGen (6.3.0)
  - SwipeCellKit (2.7.1)

DEPENDENCIES:
  - Alamofire
  - ALProgressRing
  - Kingfisher (~> 5.0)
  - LinearProgressBar
  - SwiftGen
  - SwipeCellKit

SPEC REPOS:
  trunk:
    - Alamofire
    - ALProgressRing
    - Kingfisher
    - LinearProgressBar
    - SwiftGen
    - SwipeCellKit

SPEC CHECKSUMS:
  Alamofire: 814429acc853c6c54ff123fc3d2ef66803823ce0
  ALProgressRing: 35eb82498ff29fd415e3e4e0ee77cd1cdc6f3a45
  Kingfisher: 1acb67597a520c2d0310677e66d6e0af455ef757
  LinearProgressBar: 619d6f286b608e501f39406557f60cdab3faf910
  SwiftGen: 3d5024a47ea79e408cded20763d7a17d18a4548c
  SwipeCellKit: 3972254a826da74609926daf59b08d6c72e619ea

PODFILE CHECKSUM: 0bf727046485a62365e3043fd608b33a278a9b40

COCOAPODS: 1.10.1
