// !$*UTF8*$!
{
	archiveVersion = 1;
	classes = {
	};
	objectVersion = 51;
	objects = {

/* Begin PBXBuildFile section */
		20E0199FC4DC1F5FE352665B /* Pods_iOSMVCBase.framework in Frameworks */ = {isa = PBXBuildFile; fileRef = 1925B7B0DE57E0D5B85664C7 /* Pods_iOSMVCBase.framework */; };
		4D2B999625393913005681CF /* DeviceInfo.swift in Sources */ = {isa = PBXBuildFile; fileRef = 4D2B999525393913005681CF /* DeviceInfo.swift */; };
		4D47AE1625EA523500D8006D /* UIView+Extension.swift in Sources */ = {isa = PBXBuildFile; fileRef = 4D47AE1525EA523500D8006D /* UIView+Extension.swift */; };
		4D47AE1925EA53BB00D8006D /* AppPreferences.swift in Sources */ = {isa = PBXBuildFile; fileRef = 4D47AE1825EA53BB00D8006D /* AppPreferences.swift */; };
		4D47AE1C25EA547E00D8006D /* AppConstant.swift in Sources */ = {isa = PBXBuildFile; fileRef = 4D47AE1B25EA547E00D8006D /* AppConstant.swift */; };
		4D47AEB925EB8BBC00D8006D /* HomeHeaderView.swift in Sources */ = {isa = PBXBuildFile; fileRef = 4D47AEB825EB8BBC00D8006D /* HomeHeaderView.swift */; };
		4D47AEC025EB8C1A00D8006D /* HomeHeaderView.xib in Resources */ = {isa = PBXBuildFile; fileRef = 4D47AEBF25EB8C1A00D8006D /* HomeHeaderView.xib */; };
		4D47AEC325EB93C700D8006D /* BaseView.swift in Sources */ = {isa = PBXBuildFile; fileRef = 4D47AEC225EB93C700D8006D /* BaseView.swift */; };
		4D47AED125EC0BBD00D8006D /* MenuView.swift in Sources */ = {isa = PBXBuildFile; fileRef = 4D47AED025EC0BBD00D8006D /* MenuView.swift */; };
		4D47AED425EC0BD400D8006D /* MenuView.xib in Resources */ = {isa = PBXBuildFile; fileRef = 4D47AED325EC0BD400D8006D /* MenuView.xib */; };
		4D47AED825EC14A800D8006D /* MenuItemTableViewCell.swift in Sources */ = {isa = PBXBuildFile; fileRef = 4D47AED625EC14A800D8006D /* MenuItemTableViewCell.swift */; };
		4D47AED925EC14A800D8006D /* MenuItemTableViewCell.xib in Resources */ = {isa = PBXBuildFile; fileRef = 4D47AED725EC14A800D8006D /* MenuItemTableViewCell.xib */; };
		4D49DBE025F3DFFA001BA0B6 /* ShadowView.swift in Sources */ = {isa = PBXBuildFile; fileRef = 4D49DBDF25F3DFFA001BA0B6 /* ShadowView.swift */; };
		4D7C06C925F4118A00402AEA /* WordModel.swift in Sources */ = {isa = PBXBuildFile; fileRef = 4D7C06C825F4118A00402AEA /* WordModel.swift */; };
		4D9DDB952503EC5F0057CB23 /* UIColor+Extension.swift in Sources */ = {isa = PBXBuildFile; fileRef = 4D9DDB942503EC5F0057CB23 /* UIColor+Extension.swift */; };
		4D9DDB9F2503EF640057CB23 /* HomeViewController.swift in Sources */ = {isa = PBXBuildFile; fileRef = 4D9DDB9D2503EF640057CB23 /* HomeViewController.swift */; };
		4D9DDBA02503EF640057CB23 /* HomeViewController.xib in Resources */ = {isa = PBXBuildFile; fileRef = 4D9DDB9E2503EF640057CB23 /* HomeViewController.xib */; };
		4D9DDBA32503EFBA0057CB23 /* BaseNavigationController.swift in Sources */ = {isa = PBXBuildFile; fileRef = 4D9DDBA22503EFBA0057CB23 /* BaseNavigationController.swift */; };
		4D9DDBAF250496DE0057CB23 /* BaseViewController.swift in Sources */ = {isa = PBXBuildFile; fileRef = 4D9DDBAE250496DE0057CB23 /* BaseViewController.swift */; };
		4D9DDBB625049DF70057CB23 /* RoundButton.swift in Sources */ = {isa = PBXBuildFile; fileRef = 4D9DDBB525049DF70057CB23 /* RoundButton.swift */; };
		4D9DDBB925049F140057CB23 /* UICollectionViewController+Extension.swift in Sources */ = {isa = PBXBuildFile; fileRef = 4D9DDBB725049F140057CB23 /* UICollectionViewController+Extension.swift */; };
		4D9DDBBA25049F140057CB23 /* UITableViewController+Extension.swift in Sources */ = {isa = PBXBuildFile; fileRef = 4D9DDBB825049F140057CB23 /* UITableViewController+Extension.swift */; };
		4D9DDBBC2504A0BB0057CB23 /* UIImageView+Extension.swift in Sources */ = {isa = PBXBuildFile; fileRef = 4D9DDBBB2504A0BB0057CB23 /* UIImageView+Extension.swift */; };
		4D9DDBBE2504A48C0057CB23 /* UIViewController+Extension.swift in Sources */ = {isa = PBXBuildFile; fileRef = 4D9DDBBD2504A48C0057CB23 /* UIViewController+Extension.swift */; };
		4D9DDBC02504D9DB0057CB23 /* UIAlertViewController+Extension.swift in Sources */ = {isa = PBXBuildFile; fileRef = 4D9DDBBF2504D9DB0057CB23 /* UIAlertViewController+Extension.swift */; };
		4DA1FB7D250CD99E00C73D21 /* Api.swift in Sources */ = {isa = PBXBuildFile; fileRef = 4DA1FB7C250CD99E00C73D21 /* Api.swift */; };
		4DA1FB8E250D1F5D00C73D21 /* Result.swift in Sources */ = {isa = PBXBuildFile; fileRef = 4DA1FB8D250D1F5D00C73D21 /* Result.swift */; };
		4DA1FB99250D200300C73D21 /* Log.swift in Sources */ = {isa = PBXBuildFile; fileRef = 4DA1FB96250D200300C73D21 /* Log.swift */; };
		4DA1FB9A250D200300C73D21 /* AccountManager.swift in Sources */ = {isa = PBXBuildFile; fileRef = 4DA1FB97250D200300C73D21 /* AccountManager.swift */; };
		4DA1FB9B250D200300C73D21 /* DataLocal.swift in Sources */ = {isa = PBXBuildFile; fileRef = 4DA1FB98250D200300C73D21 /* DataLocal.swift */; };
		4DA1FBA6250D211200C73D21 /* AppColor.swift in Sources */ = {isa = PBXBuildFile; fileRef = 4DA1FBA3250D211200C73D21 /* AppColor.swift */; };
		4DA1FBA7250D211200C73D21 /* AppKey.swift in Sources */ = {isa = PBXBuildFile; fileRef = 4DA1FBA4250D211200C73D21 /* AppKey.swift */; };
		4DA1FBA8250D211200C73D21 /* AppConfig.swift in Sources */ = {isa = PBXBuildFile; fileRef = 4DA1FBA5250D211200C73D21 /* AppConfig.swift */; };
		4DA6899A25F0C933001CCF26 /* GenreModel.swift in Sources */ = {isa = PBXBuildFile; fileRef = 4DA6899925F0C933001CCF26 /* GenreModel.swift */; };
		4DA6899D25F0C93E001CCF26 /* FlashCardModel.swift in Sources */ = {isa = PBXBuildFile; fileRef = 4DA6899C25F0C93E001CCF26 /* FlashCardModel.swift */; };
		4DD7DEFB2503B16A0088BD8D /* AppDelegate.swift in Sources */ = {isa = PBXBuildFile; fileRef = 4DD7DEFA2503B16A0088BD8D /* AppDelegate.swift */; };
		4DD7DF022503B16A0088BD8D /* Main.storyboard in Resources */ = {isa = PBXBuildFile; fileRef = 4DD7DF002503B16A0088BD8D /* Main.storyboard */; };
		4DD7DF042503B16D0088BD8D /* Assets.xcassets in Resources */ = {isa = PBXBuildFile; fileRef = 4DD7DF032503B16D0088BD8D /* Assets.xcassets */; };
		4DD7DF072503B16D0088BD8D /* LaunchScreen.storyboard in Resources */ = {isa = PBXBuildFile; fileRef = 4DD7DF052503B16D0088BD8D /* LaunchScreen.storyboard */; };
		4DD7DF192503B7380088BD8D /* MainTabBarController.swift in Sources */ = {isa = PBXBuildFile; fileRef = 4DD7DF182503B7380088BD8D /* MainTabBarController.swift */; };
		4DD7DF212503D3C90088BD8D /* Localizable.strings in Resources */ = {isa = PBXBuildFile; fileRef = 4DD7DF232503D3C90088BD8D /* Localizable.strings */; };
		4DD7DF2F2503DA200088BD8D /* Localizable.swift in Sources */ = {isa = PBXBuildFile; fileRef = 4DD7DF2D2503DA200088BD8D /* Localizable.swift */; };
		4DD7DF302503DA200088BD8D /* Assets.swift in Sources */ = {isa = PBXBuildFile; fileRef = 4DD7DF2E2503DA200088BD8D /* Assets.swift */; };
		4DF9594B2538246800FD2D7A /* GoogleService-Info.plist in Resources */ = {isa = PBXBuildFile; fileRef = 4DF9594A2538246800FD2D7A /* GoogleService-Info.plist */; };
		4DF959732538305700FD2D7A /* String+Extension.swift in Sources */ = {isa = PBXBuildFile; fileRef = 4DF959722538305700FD2D7A /* String+Extension.swift */; };
		4DF959762538354400FD2D7A /* LoadingHud.swift in Sources */ = {isa = PBXBuildFile; fileRef = 4DF959752538354400FD2D7A /* LoadingHud.swift */; };
		4DF959BA253935F100FD2D7A /* EmptyUserTableViewCell.swift in Sources */ = {isa = PBXBuildFile; fileRef = 4DF959B8253935F100FD2D7A /* EmptyUserTableViewCell.swift */; };
/* End PBXBuildFile section */

/* Begin PBXFileReference section */
		1925B7B0DE57E0D5B85664C7 /* Pods_iOSMVCBase.framework */ = {isa = PBXFileReference; explicitFileType = wrapper.framework; includeInIndex = 0; path = Pods_iOSMVCBase.framework; sourceTree = BUILT_PRODUCTS_DIR; };
		49004621DF898F1B85B937CF /* Pods-iOSMVCBase.release.xcconfig */ = {isa = PBXFileReference; includeInIndex = 1; lastKnownFileType = text.xcconfig; name = "Pods-iOSMVCBase.release.xcconfig"; path = "Target Support Files/Pods-iOSMVCBase/Pods-iOSMVCBase.release.xcconfig"; sourceTree = "<group>"; };
		4D2B999525393913005681CF /* DeviceInfo.swift */ = {isa = PBXFileReference; lastKnownFileType = sourcecode.swift; path = DeviceInfo.swift; sourceTree = "<group>"; };
		4D47AE1525EA523500D8006D /* UIView+Extension.swift */ = {isa = PBXFileReference; lastKnownFileType = sourcecode.swift; path = "UIView+Extension.swift"; sourceTree = "<group>"; };
		4D47AE1825EA53BB00D8006D /* AppPreferences.swift */ = {isa = PBXFileReference; lastKnownFileType = sourcecode.swift; path = AppPreferences.swift; sourceTree = "<group>"; };
		4D47AE1B25EA547E00D8006D /* AppConstant.swift */ = {isa = PBXFileReference; lastKnownFileType = sourcecode.swift; path = AppConstant.swift; sourceTree = "<group>"; };
		4D47AEB825EB8BBC00D8006D /* HomeHeaderView.swift */ = {isa = PBXFileReference; lastKnownFileType = sourcecode.swift; path = HomeHeaderView.swift; sourceTree = "<group>"; };
		4D47AEBF25EB8C1A00D8006D /* HomeHeaderView.xib */ = {isa = PBXFileReference; lastKnownFileType = file.xib; path = HomeHeaderView.xib; sourceTree = "<group>"; };
		4D47AEC225EB93C700D8006D /* BaseView.swift */ = {isa = PBXFileReference; lastKnownFileType = sourcecode.swift; path = BaseView.swift; sourceTree = "<group>"; };
		4D47AED025EC0BBD00D8006D /* MenuView.swift */ = {isa = PBXFileReference; lastKnownFileType = sourcecode.swift; path = MenuView.swift; sourceTree = "<group>"; };
		4D47AED325EC0BD400D8006D /* MenuView.xib */ = {isa = PBXFileReference; lastKnownFileType = file.xib; path = MenuView.xib; sourceTree = "<group>"; };
		4D47AED625EC14A800D8006D /* MenuItemTableViewCell.swift */ = {isa = PBXFileReference; lastKnownFileType = sourcecode.swift; path = MenuItemTableViewCell.swift; sourceTree = "<group>"; };
		4D47AED725EC14A800D8006D /* MenuItemTableViewCell.xib */ = {isa = PBXFileReference; lastKnownFileType = file.xib; path = MenuItemTableViewCell.xib; sourceTree = "<group>"; };
		4D49DBDF25F3DFFA001BA0B6 /* ShadowView.swift */ = {isa = PBXFileReference; lastKnownFileType = sourcecode.swift; path = ShadowView.swift; sourceTree = "<group>"; };
		4D7C06C825F4118A00402AEA /* WordModel.swift */ = {isa = PBXFileReference; lastKnownFileType = sourcecode.swift; path = WordModel.swift; sourceTree = "<group>"; };
		4D9DDB942503EC5F0057CB23 /* UIColor+Extension.swift */ = {isa = PBXFileReference; lastKnownFileType = sourcecode.swift; path = "UIColor+Extension.swift"; sourceTree = "<group>"; };
		4D9DDB9D2503EF640057CB23 /* HomeViewController.swift */ = {isa = PBXFileReference; lastKnownFileType = sourcecode.swift; path = HomeViewController.swift; sourceTree = "<group>"; };
		4D9DDB9E2503EF640057CB23 /* HomeViewController.xib */ = {isa = PBXFileReference; lastKnownFileType = file.xib; path = HomeViewController.xib; sourceTree = "<group>"; };
		4D9DDBA22503EFBA0057CB23 /* BaseNavigationController.swift */ = {isa = PBXFileReference; lastKnownFileType = sourcecode.swift; path = BaseNavigationController.swift; sourceTree = "<group>"; };
		4D9DDBAE250496DE0057CB23 /* BaseViewController.swift */ = {isa = PBXFileReference; lastKnownFileType = sourcecode.swift; path = BaseViewController.swift; sourceTree = "<group>"; };
		4D9DDBB525049DF70057CB23 /* RoundButton.swift */ = {isa = PBXFileReference; lastKnownFileType = sourcecode.swift; path = RoundButton.swift; sourceTree = "<group>"; };
		4D9DDBB725049F140057CB23 /* UICollectionViewController+Extension.swift */ = {isa = PBXFileReference; fileEncoding = 4; lastKnownFileType = sourcecode.swift; path = "UICollectionViewController+Extension.swift"; sourceTree = "<group>"; };
		4D9DDBB825049F140057CB23 /* UITableViewController+Extension.swift */ = {isa = PBXFileReference; fileEncoding = 4; lastKnownFileType = sourcecode.swift; path = "UITableViewController+Extension.swift"; sourceTree = "<group>"; };
		4D9DDBBB2504A0BB0057CB23 /* UIImageView+Extension.swift */ = {isa = PBXFileReference; lastKnownFileType = sourcecode.swift; path = "UIImageView+Extension.swift"; sourceTree = "<group>"; };
		4D9DDBBD2504A48C0057CB23 /* UIViewController+Extension.swift */ = {isa = PBXFileReference; lastKnownFileType = sourcecode.swift; path = "UIViewController+Extension.swift"; sourceTree = "<group>"; };
		4D9DDBBF2504D9DB0057CB23 /* UIAlertViewController+Extension.swift */ = {isa = PBXFileReference; lastKnownFileType = sourcecode.swift; path = "UIAlertViewController+Extension.swift"; sourceTree = "<group>"; };
		4DA1FB7C250CD99E00C73D21 /* Api.swift */ = {isa = PBXFileReference; lastKnownFileType = sourcecode.swift; path = Api.swift; sourceTree = "<group>"; };
		4DA1FB8D250D1F5D00C73D21 /* Result.swift */ = {isa = PBXFileReference; fileEncoding = 4; lastKnownFileType = sourcecode.swift; path = Result.swift; sourceTree = "<group>"; };
		4DA1FB96250D200300C73D21 /* Log.swift */ = {isa = PBXFileReference; fileEncoding = 4; lastKnownFileType = sourcecode.swift; path = Log.swift; sourceTree = "<group>"; };
		4DA1FB97250D200300C73D21 /* AccountManager.swift */ = {isa = PBXFileReference; fileEncoding = 4; lastKnownFileType = sourcecode.swift; path = AccountManager.swift; sourceTree = "<group>"; };
		4DA1FB98250D200300C73D21 /* DataLocal.swift */ = {isa = PBXFileReference; fileEncoding = 4; lastKnownFileType = sourcecode.swift; path = DataLocal.swift; sourceTree = "<group>"; };
		4DA1FBA3250D211200C73D21 /* AppColor.swift */ = {isa = PBXFileReference; fileEncoding = 4; lastKnownFileType = sourcecode.swift; path = AppColor.swift; sourceTree = "<group>"; };
		4DA1FBA4250D211200C73D21 /* AppKey.swift */ = {isa = PBXFileReference; fileEncoding = 4; lastKnownFileType = sourcecode.swift; path = AppKey.swift; sourceTree = "<group>"; };
		4DA1FBA5250D211200C73D21 /* AppConfig.swift */ = {isa = PBXFileReference; fileEncoding = 4; lastKnownFileType = sourcecode.swift; path = AppConfig.swift; sourceTree = "<group>"; };
		4DA6899925F0C933001CCF26 /* GenreModel.swift */ = {isa = PBXFileReference; lastKnownFileType = sourcecode.swift; path = GenreModel.swift; sourceTree = "<group>"; };
		4DA6899C25F0C93E001CCF26 /* FlashCardModel.swift */ = {isa = PBXFileReference; lastKnownFileType = sourcecode.swift; path = FlashCardModel.swift; sourceTree = "<group>"; };
		4DD7DEF72503B16A0088BD8D /* iOSMVCBase.app */ = {isa = PBXFileReference; explicitFileType = wrapper.application; includeInIndex = 0; path = iOSMVCBase.app; sourceTree = BUILT_PRODUCTS_DIR; };
		4DD7DEFA2503B16A0088BD8D /* AppDelegate.swift */ = {isa = PBXFileReference; lastKnownFileType = sourcecode.swift; path = AppDelegate.swift; sourceTree = "<group>"; };
		4DD7DF012503B16A0088BD8D /* Base */ = {isa = PBXFileReference; lastKnownFileType = file.storyboard; name = Base; path = Base.lproj/Main.storyboard; sourceTree = "<group>"; };
		4DD7DF032503B16D0088BD8D /* Assets.xcassets */ = {isa = PBXFileReference; lastKnownFileType = folder.assetcatalog; path = Assets.xcassets; sourceTree = "<group>"; };
		4DD7DF062503B16D0088BD8D /* Base */ = {isa = PBXFileReference; lastKnownFileType = file.storyboard; name = Base; path = Base.lproj/LaunchScreen.storyboard; sourceTree = "<group>"; };
		4DD7DF082503B16D0088BD8D /* Info.plist */ = {isa = PBXFileReference; lastKnownFileType = text.plist.xml; path = Info.plist; sourceTree = "<group>"; };
		4DD7DF182503B7380088BD8D /* MainTabBarController.swift */ = {isa = PBXFileReference; lastKnownFileType = sourcecode.swift; path = MainTabBarController.swift; sourceTree = "<group>"; };
		4DD7DF222503D3C90088BD8D /* en */ = {isa = PBXFileReference; lastKnownFileType = text.plist.strings; name = en; path = en.lproj/Localizable.strings; sourceTree = "<group>"; };
		4DD7DF242503D3DB0088BD8D /* ja */ = {isa = PBXFileReference; lastKnownFileType = text.plist.strings; name = ja; path = ja.lproj/Localizable.strings; sourceTree = "<group>"; };
		4DD7DF2A2503D60D0088BD8D /* swiftgen.yml */ = {isa = PBXFileReference; lastKnownFileType = text.yaml; path = swiftgen.yml; sourceTree = "<group>"; };
		4DD7DF2D2503DA200088BD8D /* Localizable.swift */ = {isa = PBXFileReference; fileEncoding = 4; lastKnownFileType = sourcecode.swift; path = Localizable.swift; sourceTree = "<group>"; };
		4DD7DF2E2503DA200088BD8D /* Assets.swift */ = {isa = PBXFileReference; fileEncoding = 4; lastKnownFileType = sourcecode.swift; path = Assets.swift; sourceTree = "<group>"; };
		4DF9594A2538246800FD2D7A /* GoogleService-Info.plist */ = {isa = PBXFileReference; lastKnownFileType = text.plist; path = "GoogleService-Info.plist"; sourceTree = SOURCE_ROOT; };
		4DF959722538305700FD2D7A /* String+Extension.swift */ = {isa = PBXFileReference; lastKnownFileType = sourcecode.swift; path = "String+Extension.swift"; sourceTree = "<group>"; };
		4DF959752538354400FD2D7A /* LoadingHud.swift */ = {isa = PBXFileReference; lastKnownFileType = sourcecode.swift; path = LoadingHud.swift; sourceTree = "<group>"; };
		4DF959B8253935F100FD2D7A /* EmptyUserTableViewCell.swift */ = {isa = PBXFileReference; lastKnownFileType = sourcecode.swift; path = EmptyUserTableViewCell.swift; sourceTree = "<group>"; };
		A2510D63FA6153E0E8C38868 /* Pods-iOSMVCBase.debug.xcconfig */ = {isa = PBXFileReference; includeInIndex = 1; lastKnownFileType = text.xcconfig; name = "Pods-iOSMVCBase.debug.xcconfig"; path = "Target Support Files/Pods-iOSMVCBase/Pods-iOSMVCBase.debug.xcconfig"; sourceTree = "<group>"; };
/* End PBXFileReference section */

/* Begin PBXFrameworksBuildPhase section */
		4DD7DEF42503B16A0088BD8D /* Frameworks */ = {
			isa = PBXFrameworksBuildPhase;
			buildActionMask = 2147483647;
			files = (
				20E0199FC4DC1F5FE352665B /* Pods_iOSMVCBase.framework in Frameworks */,
			);
			runOnlyForDeploymentPostprocessing = 0;
		};
/* End PBXFrameworksBuildPhase section */

/* Begin PBXGroup section */
		3DCBFA51CDC2A8A1AE7FFE49 /* Pods */ = {
			isa = PBXGroup;
			children = (
				A2510D63FA6153E0E8C38868 /* Pods-iOSMVCBase.debug.xcconfig */,
				49004621DF898F1B85B937CF /* Pods-iOSMVCBase.release.xcconfig */,
			);
			path = Pods;
			sourceTree = "<group>";
		};
		4D9DDB982503EEF40057CB23 /* Home */ = {
			isa = PBXGroup;
			children = (
				4D9DDB9D2503EF640057CB23 /* HomeViewController.swift */,
				4D9DDB9E2503EF640057CB23 /* HomeViewController.xib */,
			);
			path = Home;
			sourceTree = "<group>";
		};
		4DA1FB8C250D1F5D00C73D21 /* Models */ = {
			isa = PBXGroup;
			children = (
				4DA1FB8D250D1F5D00C73D21 /* Result.swift */,
				4DA6899925F0C933001CCF26 /* GenreModel.swift */,
				4DA6899C25F0C93E001CCF26 /* FlashCardModel.swift */,
				4D7C06C825F4118A00402AEA /* WordModel.swift */,
			);
			path = Models;
			sourceTree = "<group>";
		};
		4DA1FB95250D200300C73D21 /* Ultilities */ = {
			isa = PBXGroup;
			children = (
				4DA6898D25F0C887001CCF26 /* CustomView */,
				4DA1FB96250D200300C73D21 /* Log.swift */,
				4DA1FB97250D200300C73D21 /* AccountManager.swift */,
				4DA1FB98250D200300C73D21 /* DataLocal.swift */,
				4DF959752538354400FD2D7A /* LoadingHud.swift */,
				4D2B999525393913005681CF /* DeviceInfo.swift */,
			);
			path = Ultilities;
			sourceTree = "<group>";
		};
		4DA1FBA2250D211200C73D21 /* Define */ = {
			isa = PBXGroup;
			children = (
				4DA1FBA3250D211200C73D21 /* AppColor.swift */,
				4DA1FBA4250D211200C73D21 /* AppKey.swift */,
				4DA1FBA5250D211200C73D21 /* AppConfig.swift */,
				4D47AE1825EA53BB00D8006D /* AppPreferences.swift */,
				4D47AE1B25EA547E00D8006D /* AppConstant.swift */,
			);
			path = Define;
			sourceTree = "<group>";
		};
		4DA6898D25F0C887001CCF26 /* CustomView */ = {
			isa = PBXGroup;
			children = (
				4D47AEB825EB8BBC00D8006D /* HomeHeaderView.swift */,
				4D47AEBF25EB8C1A00D8006D /* HomeHeaderView.xib */,
				4D47AED025EC0BBD00D8006D /* MenuView.swift */,
				4D47AED325EC0BD400D8006D /* MenuView.xib */,
				4D47AED625EC14A800D8006D /* MenuItemTableViewCell.swift */,
				4D47AED725EC14A800D8006D /* MenuItemTableViewCell.xib */,
				4D49DBDF25F3DFFA001BA0B6 /* ShadowView.swift */,
			);
			path = CustomView;
			sourceTree = "<group>";
		};
		4DD7DEEE2503B16A0088BD8D = {
			isa = PBXGroup;
			children = (
				4DD7DEF92503B16A0088BD8D /* iOSMVCBase */,
				4DD7DEF82503B16A0088BD8D /* Products */,
				3DCBFA51CDC2A8A1AE7FFE49 /* Pods */,
				4DD7DF2C2503D9730088BD8D /* Script */,
				877ADC78A516DE01905B922D /* Frameworks */,
			);
			sourceTree = "<group>";
		};
		4DD7DEF82503B16A0088BD8D /* Products */ = {
			isa = PBXGroup;
			children = (
				4DD7DEF72503B16A0088BD8D /* iOSMVCBase.app */,
			);
			name = Products;
			sourceTree = "<group>";
		};
		4DD7DEF92503B16A0088BD8D /* iOSMVCBase */ = {
			isa = PBXGroup;
			children = (
				4DF9594A2538246800FD2D7A /* GoogleService-Info.plist */,
				4DA1FBA2250D211200C73D21 /* Define */,
				4DA1FB95250D200300C73D21 /* Ultilities */,
				4DA1FB8C250D1F5D00C73D21 /* Models */,
				4DD7DF152503B5280088BD8D /* Resources */,
				4DD7DF142503B51B0088BD8D /* APIs */,
				4DD7DF122503B4F70088BD8D /* Libraries */,
				4DD7DF112503B4E90088BD8D /* Extensions */,
				4DD7DF0E2503B1B10088BD8D /* Controller */,
				4DD7DEFA2503B16A0088BD8D /* AppDelegate.swift */,
				4DD7DF082503B16D0088BD8D /* Info.plist */,
			);
			path = iOSMVCBase;
			sourceTree = "<group>";
		};
		4DD7DF0E2503B1B10088BD8D /* Controller */ = {
			isa = PBXGroup;
			children = (
				4D9DDB982503EEF40057CB23 /* Home */,
				4DD7DF172503B6A20088BD8D /* Base */,
			);
			path = Controller;
			sourceTree = "<group>";
		};
		4DD7DF112503B4E90088BD8D /* Extensions */ = {
			isa = PBXGroup;
			children = (
				4D9DDBB725049F140057CB23 /* UICollectionViewController+Extension.swift */,
				4D9DDBB825049F140057CB23 /* UITableViewController+Extension.swift */,
				4D9DDB942503EC5F0057CB23 /* UIColor+Extension.swift */,
				4D9DDBBB2504A0BB0057CB23 /* UIImageView+Extension.swift */,
				4D9DDBBD2504A48C0057CB23 /* UIViewController+Extension.swift */,
				4D9DDBBF2504D9DB0057CB23 /* UIAlertViewController+Extension.swift */,
				4DF959722538305700FD2D7A /* String+Extension.swift */,
				4D47AE1525EA523500D8006D /* UIView+Extension.swift */,
			);
			path = Extensions;
			sourceTree = "<group>";
		};
		4DD7DF122503B4F70088BD8D /* Libraries */ = {
			isa = PBXGroup;
			children = (
				4D9DDBB525049DF70057CB23 /* RoundButton.swift */,
				4DF959B8253935F100FD2D7A /* EmptyUserTableViewCell.swift */,
			);
			path = Libraries;
			sourceTree = "<group>";
		};
		4DD7DF142503B51B0088BD8D /* APIs */ = {
			isa = PBXGroup;
			children = (
				4DA1FB7C250CD99E00C73D21 /* Api.swift */,
			);
			path = APIs;
			sourceTree = "<group>";
		};
		4DD7DF152503B5280088BD8D /* Resources */ = {
			isa = PBXGroup;
			children = (
				4DD7DF252503D4310088BD8D /* Generated */,
				4DD7DF162503B61A0088BD8D /* Storyboards */,
				4DD7DF032503B16D0088BD8D /* Assets.xcassets */,
				4DD7DF232503D3C90088BD8D /* Localizable.strings */,
			);
			path = Resources;
			sourceTree = "<group>";
		};
		4DD7DF162503B61A0088BD8D /* Storyboards */ = {
			isa = PBXGroup;
			children = (
				4DD7DF002503B16A0088BD8D /* Main.storyboard */,
				4DD7DF052503B16D0088BD8D /* LaunchScreen.storyboard */,
			);
			path = Storyboards;
			sourceTree = "<group>";
		};
		4DD7DF172503B6A20088BD8D /* Base */ = {
			isa = PBXGroup;
			children = (
				4DD7DF182503B7380088BD8D /* MainTabBarController.swift */,
				4D9DDBA22503EFBA0057CB23 /* BaseNavigationController.swift */,
				4D9DDBAE250496DE0057CB23 /* BaseViewController.swift */,
				4D47AEC225EB93C700D8006D /* BaseView.swift */,
			);
			path = Base;
			sourceTree = "<group>";
		};
		4DD7DF252503D4310088BD8D /* Generated */ = {
			isa = PBXGroup;
			children = (
				4DD7DF2E2503DA200088BD8D /* Assets.swift */,
				4DD7DF2D2503DA200088BD8D /* Localizable.swift */,
			);
			path = Generated;
			sourceTree = "<group>";
		};
		4DD7DF2C2503D9730088BD8D /* Script */ = {
			isa = PBXGroup;
			children = (
				4DD7DF2A2503D60D0088BD8D /* swiftgen.yml */,
			);
			path = Script;
			sourceTree = "<group>";
		};
		877ADC78A516DE01905B922D /* Frameworks */ = {
			isa = PBXGroup;
			children = (
				1925B7B0DE57E0D5B85664C7 /* Pods_iOSMVCBase.framework */,
			);
			name = Frameworks;
			sourceTree = "<group>";
		};
/* End PBXGroup section */

/* Begin PBXNativeTarget section */
		4DD7DEF62503B16A0088BD8D /* iOSMVCBase */ = {
			isa = PBXNativeTarget;
			buildConfigurationList = 4DD7DF0B2503B16D0088BD8D /* Build configuration list for PBXNativeTarget "iOSMVCBase" */;
			buildPhases = (
				E9CF55C53B1F6A58533580FF /* [CP] Check Pods Manifest.lock */,
				4DD7DEF32503B16A0088BD8D /* Sources */,
				4DD7DEF42503B16A0088BD8D /* Frameworks */,
				4DD7DEF52503B16A0088BD8D /* Resources */,
				4D9DDB962503ED870057CB23 /* SwiftGen */,
				0CDD6917F81576F7241F6DBA /* [CP] Embed Pods Frameworks */,
			);
			buildRules = (
			);
			dependencies = (
			);
			name = iOSMVCBase;
			productName = "E-CommercialApp";
			productReference = 4DD7DEF72503B16A0088BD8D /* iOSMVCBase.app */;
			productType = "com.apple.product-type.application";
		};
/* End PBXNativeTarget section */

/* Begin PBXProject section */
		4DD7DEEF2503B16A0088BD8D /* Project object */ = {
			isa = PBXProject;
			attributes = {
				LastSwiftUpdateCheck = 1160;
				LastUpgradeCheck = 1160;
				ORGANIZATIONNAME = "Nguyễn Đức Tân";
				TargetAttributes = {
					4DD7DEF62503B16A0088BD8D = {
						CreatedOnToolsVersion = 11.6;
					};
				};
			};
			buildConfigurationList = 4DD7DEF22503B16A0088BD8D /* Build configuration list for PBXProject "iOSMVCBase" */;
			compatibilityVersion = "Xcode 9.3";
			developmentRegion = en;
			hasScannedForEncodings = 0;
			knownRegions = (
				en,
				Base,
				ja,
			);
			mainGroup = 4DD7DEEE2503B16A0088BD8D;
			productRefGroup = 4DD7DEF82503B16A0088BD8D /* Products */;
			projectDirPath = "";
			projectRoot = "";
			targets = (
				4DD7DEF62503B16A0088BD8D /* iOSMVCBase */,
			);
		};
/* End PBXProject section */

/* Begin PBXResourcesBuildPhase section */
		4DD7DEF52503B16A0088BD8D /* Resources */ = {
			isa = PBXResourcesBuildPhase;
			buildActionMask = 2147483647;
			files = (
				4DD7DF072503B16D0088BD8D /* LaunchScreen.storyboard in Resources */,
				4D9DDBA02503EF640057CB23 /* HomeViewController.xib in Resources */,
				4DD7DF212503D3C90088BD8D /* Localizable.strings in Resources */,
				4D47AEC025EB8C1A00D8006D /* HomeHeaderView.xib in Resources */,
				4DD7DF042503B16D0088BD8D /* Assets.xcassets in Resources */,
				4D47AED925EC14A800D8006D /* MenuItemTableViewCell.xib in Resources */,
				4D47AED425EC0BD400D8006D /* MenuView.xib in Resources */,
				4DF9594B2538246800FD2D7A /* GoogleService-Info.plist in Resources */,
				4DD7DF022503B16A0088BD8D /* Main.storyboard in Resources */,
			);
			runOnlyForDeploymentPostprocessing = 0;
		};
/* End PBXResourcesBuildPhase section */

/* Begin PBXShellScriptBuildPhase section */
		0CDD6917F81576F7241F6DBA /* [CP] Embed Pods Frameworks */ = {
			isa = PBXShellScriptBuildPhase;
			buildActionMask = 2147483647;
			files = (
			);
			inputFileListPaths = (
				"${PODS_ROOT}/Target Support Files/Pods-iOSMVCBase/Pods-iOSMVCBase-frameworks-${CONFIGURATION}-input-files.xcfilelist",
			);
			name = "[CP] Embed Pods Frameworks";
			outputFileListPaths = (
				"${PODS_ROOT}/Target Support Files/Pods-iOSMVCBase/Pods-iOSMVCBase-frameworks-${CONFIGURATION}-output-files.xcfilelist",
			);
			runOnlyForDeploymentPostprocessing = 0;
			shellPath = /bin/sh;
			shellScript = "\"${PODS_ROOT}/Target Support Files/Pods-iOSMVCBase/Pods-iOSMVCBase-frameworks.sh\"\n";
			showEnvVarsInLog = 0;
		};
		4D9DDB962503ED870057CB23 /* SwiftGen */ = {
			isa = PBXShellScriptBuildPhase;
			buildActionMask = 2147483647;
			files = (
			);
			inputFileListPaths = (
			);
			inputPaths = (
			);
			name = SwiftGen;
			outputFileListPaths = (
			);
			outputPaths = (
			);
			runOnlyForDeploymentPostprocessing = 0;
			shellPath = /bin/sh;
			shellScript = "$PODS_ROOT/SwiftGen/bin/swiftgen config run --config Script/swiftgen.yml\n";
		};
		E9CF55C53B1F6A58533580FF /* [CP] Check Pods Manifest.lock */ = {
			isa = PBXShellScriptBuildPhase;
			buildActionMask = 2147483647;
			files = (
			);
			inputFileListPaths = (
			);
			inputPaths = (
				"${PODS_PODFILE_DIR_PATH}/Podfile.lock",
				"${PODS_ROOT}/Manifest.lock",
			);
			name = "[CP] Check Pods Manifest.lock";
			outputFileListPaths = (
			);
			outputPaths = (
				"$(DERIVED_FILE_DIR)/Pods-iOSMVCBase-checkManifestLockResult.txt",
			);
			runOnlyForDeploymentPostprocessing = 0;
			shellPath = /bin/sh;
			shellScript = "diff \"${PODS_PODFILE_DIR_PATH}/Podfile.lock\" \"${PODS_ROOT}/Manifest.lock\" > /dev/null\nif [ $? != 0 ] ; then\n    # print error to STDERR\n    echo \"error: The sandbox is not in sync with the Podfile.lock. Run 'pod install' or update your CocoaPods installation.\" >&2\n    exit 1\nfi\n# This output is used by Xcode 'outputs' to avoid re-running this script phase.\necho \"SUCCESS\" > \"${SCRIPT_OUTPUT_FILE_0}\"\n";
			showEnvVarsInLog = 0;
		};
/* End PBXShellScriptBuildPhase section */

/* Begin PBXSourcesBuildPhase section */
		4DD7DEF32503B16A0088BD8D /* Sources */ = {
			isa = PBXSourcesBuildPhase;
			buildActionMask = 2147483647;
			files = (
				4D47AE1625EA523500D8006D /* UIView+Extension.swift in Sources */,
				4D9DDBB625049DF70057CB23 /* RoundButton.swift in Sources */,
				4DD7DF192503B7380088BD8D /* MainTabBarController.swift in Sources */,
				4DF959762538354400FD2D7A /* LoadingHud.swift in Sources */,
				4D9DDBB925049F140057CB23 /* UICollectionViewController+Extension.swift in Sources */,
				4D9DDB9F2503EF640057CB23 /* HomeViewController.swift in Sources */,
				4DA1FBA7250D211200C73D21 /* AppKey.swift in Sources */,
				4DD7DF2F2503DA200088BD8D /* Localizable.swift in Sources */,
				4D9DDBC02504D9DB0057CB23 /* UIAlertViewController+Extension.swift in Sources */,
				4D9DDBBA25049F140057CB23 /* UITableViewController+Extension.swift in Sources */,
				4D2B999625393913005681CF /* DeviceInfo.swift in Sources */,
				4D9DDBBE2504A48C0057CB23 /* UIViewController+Extension.swift in Sources */,
				4D9DDBAF250496DE0057CB23 /* BaseViewController.swift in Sources */,
				4DA1FB8E250D1F5D00C73D21 /* Result.swift in Sources */,
				4D47AE1C25EA547E00D8006D /* AppConstant.swift in Sources */,
				4DA1FB99250D200300C73D21 /* Log.swift in Sources */,
				4DA1FB9A250D200300C73D21 /* AccountManager.swift in Sources */,
				4DA6899D25F0C93E001CCF26 /* FlashCardModel.swift in Sources */,
				4D9DDBA32503EFBA0057CB23 /* BaseNavigationController.swift in Sources */,
				4D49DBE025F3DFFA001BA0B6 /* ShadowView.swift in Sources */,
				4DD7DF302503DA200088BD8D /* Assets.swift in Sources */,
				4D47AE1925EA53BB00D8006D /* AppPreferences.swift in Sources */,
				4DA1FB7D250CD99E00C73D21 /* Api.swift in Sources */,
				4D47AEB925EB8BBC00D8006D /* HomeHeaderView.swift in Sources */,
				4DA1FBA6250D211200C73D21 /* AppColor.swift in Sources */,
				4DF959BA253935F100FD2D7A /* EmptyUserTableViewCell.swift in Sources */,
				4DF959732538305700FD2D7A /* String+Extension.swift in Sources */,
				4DD7DEFB2503B16A0088BD8D /* AppDelegate.swift in Sources */,
				4D9DDBBC2504A0BB0057CB23 /* UIImageView+Extension.swift in Sources */,
				4DA1FB9B250D200300C73D21 /* DataLocal.swift in Sources */,
				4D7C06C925F4118A00402AEA /* WordModel.swift in Sources */,
				4D47AED125EC0BBD00D8006D /* MenuView.swift in Sources */,
				4DA1FBA8250D211200C73D21 /* AppConfig.swift in Sources */,
				4DA6899A25F0C933001CCF26 /* GenreModel.swift in Sources */,
				4D47AEC325EB93C700D8006D /* BaseView.swift in Sources */,
				4D47AED825EC14A800D8006D /* MenuItemTableViewCell.swift in Sources */,
				4D9DDB952503EC5F0057CB23 /* UIColor+Extension.swift in Sources */,
			);
			runOnlyForDeploymentPostprocessing = 0;
		};
/* End PBXSourcesBuildPhase section */

/* Begin PBXVariantGroup section */
		4DD7DF002503B16A0088BD8D /* Main.storyboard */ = {
			isa = PBXVariantGroup;
			children = (
				4DD7DF012503B16A0088BD8D /* Base */,
			);
			name = Main.storyboard;
			sourceTree = "<group>";
		};
		4DD7DF052503B16D0088BD8D /* LaunchScreen.storyboard */ = {
			isa = PBXVariantGroup;
			children = (
				4DD7DF062503B16D0088BD8D /* Base */,
			);
			name = LaunchScreen.storyboard;
			sourceTree = "<group>";
		};
		4DD7DF232503D3C90088BD8D /* Localizable.strings */ = {
			isa = PBXVariantGroup;
			children = (
				4DD7DF222503D3C90088BD8D /* en */,
				4DD7DF242503D3DB0088BD8D /* ja */,
			);
			name = Localizable.strings;
			sourceTree = "<group>";
		};
/* End PBXVariantGroup section */

/* Begin XCBuildConfiguration section */
		4DD7DF092503B16D0088BD8D /* Debug */ = {
			isa = XCBuildConfiguration;
			buildSettings = {
				ALWAYS_SEARCH_USER_PATHS = NO;
				CLANG_ANALYZER_LOCALIZABILITY_NONLOCALIZED = YES;
				CLANG_ANALYZER_NONNULL = YES;
				CLANG_ANALYZER_NUMBER_OBJECT_CONVERSION = YES_AGGRESSIVE;
				CLANG_CXX_LANGUAGE_STANDARD = "gnu++14";
				CLANG_CXX_LIBRARY = "libc++";
				CLANG_ENABLE_MODULES = YES;
				CLANG_ENABLE_OBJC_ARC = YES;
				CLANG_ENABLE_OBJC_WEAK = YES;
				CLANG_WARN_BLOCK_CAPTURE_AUTORELEASING = YES;
				CLANG_WARN_BOOL_CONVERSION = YES;
				CLANG_WARN_COMMA = YES;
				CLANG_WARN_CONSTANT_CONVERSION = YES;
				CLANG_WARN_DEPRECATED_OBJC_IMPLEMENTATIONS = YES;
				CLANG_WARN_DIRECT_OBJC_ISA_USAGE = YES_ERROR;
				CLANG_WARN_DOCUMENTATION_COMMENTS = YES;
				CLANG_WARN_EMPTY_BODY = YES;
				CLANG_WARN_ENUM_CONVERSION = YES;
				CLANG_WARN_INFINITE_RECURSION = YES;
				CLANG_WARN_INT_CONVERSION = YES;
				CLANG_WARN_NON_LITERAL_NULL_CONVERSION = YES;
				CLANG_WARN_OBJC_IMPLICIT_RETAIN_SELF = YES;
				CLANG_WARN_OBJC_LITERAL_CONVERSION = YES;
				CLANG_WARN_OBJC_ROOT_CLASS = YES_ERROR;
				CLANG_WARN_RANGE_LOOP_ANALYSIS = YES;
				CLANG_WARN_STRICT_PROTOTYPES = YES;
				CLANG_WARN_SUSPICIOUS_MOVE = YES;
				CLANG_WARN_UNGUARDED_AVAILABILITY = YES_AGGRESSIVE;
				CLANG_WARN_UNREACHABLE_CODE = YES;
				CLANG_WARN__DUPLICATE_METHOD_MATCH = YES;
				COPY_PHASE_STRIP = NO;
				DEBUG_INFORMATION_FORMAT = dwarf;
				ENABLE_STRICT_OBJC_MSGSEND = YES;
				ENABLE_TESTABILITY = YES;
				GCC_C_LANGUAGE_STANDARD = gnu11;
				GCC_DYNAMIC_NO_PIC = NO;
				GCC_NO_COMMON_BLOCKS = YES;
				GCC_OPTIMIZATION_LEVEL = 0;
				GCC_PREPROCESSOR_DEFINITIONS = (
					"DEBUG=1",
					"$(inherited)",
				);
				GCC_WARN_64_TO_32_BIT_CONVERSION = YES;
				GCC_WARN_ABOUT_RETURN_TYPE = YES_ERROR;
				GCC_WARN_UNDECLARED_SELECTOR = YES;
				GCC_WARN_UNINITIALIZED_AUTOS = YES_AGGRESSIVE;
				GCC_WARN_UNUSED_FUNCTION = YES;
				GCC_WARN_UNUSED_VARIABLE = YES;
				IPHONEOS_DEPLOYMENT_TARGET = 11.0;
				MTL_ENABLE_DEBUG_INFO = INCLUDE_SOURCE;
				MTL_FAST_MATH = YES;
				ONLY_ACTIVE_ARCH = YES;
				SDKROOT = iphoneos;
				SWIFT_ACTIVE_COMPILATION_CONDITIONS = DEBUG;
				SWIFT_OPTIMIZATION_LEVEL = "-Onone";
			};
			name = Debug;
		};
		4DD7DF0A2503B16D0088BD8D /* Release */ = {
			isa = XCBuildConfiguration;
			buildSettings = {
				ALWAYS_SEARCH_USER_PATHS = NO;
				CLANG_ANALYZER_LOCALIZABILITY_NONLOCALIZED = YES;
				CLANG_ANALYZER_NONNULL = YES;
				CLANG_ANALYZER_NUMBER_OBJECT_CONVERSION = YES_AGGRESSIVE;
				CLANG_CXX_LANGUAGE_STANDARD = "gnu++14";
				CLANG_CXX_LIBRARY = "libc++";
				CLANG_ENABLE_MODULES = YES;
				CLANG_ENABLE_OBJC_ARC = YES;
				CLANG_ENABLE_OBJC_WEAK = YES;
				CLANG_WARN_BLOCK_CAPTURE_AUTORELEASING = YES;
				CLANG_WARN_BOOL_CONVERSION = YES;
				CLANG_WARN_COMMA = YES;
				CLANG_WARN_CONSTANT_CONVERSION = YES;
				CLANG_WARN_DEPRECATED_OBJC_IMPLEMENTATIONS = YES;
				CLANG_WARN_DIRECT_OBJC_ISA_USAGE = YES_ERROR;
				CLANG_WARN_DOCUMENTATION_COMMENTS = YES;
				CLANG_WARN_EMPTY_BODY = YES;
				CLANG_WARN_ENUM_CONVERSION = YES;
				CLANG_WARN_INFINITE_RECURSION = YES;
				CLANG_WARN_INT_CONVERSION = YES;
				CLANG_WARN_NON_LITERAL_NULL_CONVERSION = YES;
				CLANG_WARN_OBJC_IMPLICIT_RETAIN_SELF = YES;
				CLANG_WARN_OBJC_LITERAL_CONVERSION = YES;
				CLANG_WARN_OBJC_ROOT_CLASS = YES_ERROR;
				CLANG_WARN_RANGE_LOOP_ANALYSIS = YES;
				CLANG_WARN_STRICT_PROTOTYPES = YES;
				CLANG_WARN_SUSPICIOUS_MOVE = YES;
				CLANG_WARN_UNGUARDED_AVAILABILITY = YES_AGGRESSIVE;
				CLANG_WARN_UNREACHABLE_CODE = YES;
				CLANG_WARN__DUPLICATE_METHOD_MATCH = YES;
				COPY_PHASE_STRIP = NO;
				DEBUG_INFORMATION_FORMAT = "dwarf-with-dsym";
				ENABLE_NS_ASSERTIONS = NO;
				ENABLE_STRICT_OBJC_MSGSEND = YES;
				GCC_C_LANGUAGE_STANDARD = gnu11;
				GCC_NO_COMMON_BLOCKS = YES;
				GCC_WARN_64_TO_32_BIT_CONVERSION = YES;
				GCC_WARN_ABOUT_RETURN_TYPE = YES_ERROR;
				GCC_WARN_UNDECLARED_SELECTOR = YES;
				GCC_WARN_UNINITIALIZED_AUTOS = YES_AGGRESSIVE;
				GCC_WARN_UNUSED_FUNCTION = YES;
				GCC_WARN_UNUSED_VARIABLE = YES;
				IPHONEOS_DEPLOYMENT_TARGET = 11.0;
				MTL_ENABLE_DEBUG_INFO = NO;
				MTL_FAST_MATH = YES;
				SDKROOT = iphoneos;
				SWIFT_COMPILATION_MODE = wholemodule;
				SWIFT_OPTIMIZATION_LEVEL = "-O";
				VALIDATE_PRODUCT = YES;
			};
			name = Release;
		};
		4DD7DF0C2503B16D0088BD8D /* Debug */ = {
			isa = XCBuildConfiguration;
			baseConfigurationReference = A2510D63FA6153E0E8C38868 /* Pods-iOSMVCBase.debug.xcconfig */;
			buildSettings = {
				ASSETCATALOG_COMPILER_APPICON_NAME = AppIcon;
				CODE_SIGN_IDENTITY = "Apple Development";
				CODE_SIGN_STYLE = Automatic;
				DEVELOPMENT_TEAM = 62R3ZN8B42;
				INFOPLIST_FILE = iOSMVCBase/Info.plist;
				IPHONEOS_DEPLOYMENT_TARGET = 11.0;
				LD_RUNPATH_SEARCH_PATHS = (
					"$(inherited)",
					"@executable_path/Frameworks",
				);
				PRODUCT_BUNDLE_IDENTIFIER = "tan.nd164.FlashCard-App";
				PRODUCT_NAME = "$(TARGET_NAME)";
				PROVISIONING_PROFILE_SPECIFIER = "";
				SWIFT_VERSION = 5.0;
				TARGETED_DEVICE_FAMILY = 1;
			};
			name = Debug;
		};
		4DD7DF0D2503B16D0088BD8D /* Release */ = {
			isa = XCBuildConfiguration;
			baseConfigurationReference = 49004621DF898F1B85B937CF /* Pods-iOSMVCBase.release.xcconfig */;
			buildSettings = {
				ASSETCATALOG_COMPILER_APPICON_NAME = AppIcon;
				CODE_SIGN_IDENTITY = "Apple Development";
				CODE_SIGN_STYLE = Automatic;
				DEVELOPMENT_TEAM = 62R3ZN8B42;
				INFOPLIST_FILE = iOSMVCBase/Info.plist;
				IPHONEOS_DEPLOYMENT_TARGET = 11.0;
				LD_RUNPATH_SEARCH_PATHS = (
					"$(inherited)",
					"@executable_path/Frameworks",
				);
				PRODUCT_BUNDLE_IDENTIFIER = "tan.nd164.FlashCard-App";
				PRODUCT_NAME = "$(TARGET_NAME)";
				PROVISIONING_PROFILE_SPECIFIER = "";
				SWIFT_VERSION = 5.0;
				TARGETED_DEVICE_FAMILY = 1;
			};
			name = Release;
		};
/* End XCBuildConfiguration section */

/* Begin XCConfigurationList section */
		4DD7DEF22503B16A0088BD8D /* Build configuration list for PBXProject "iOSMVCBase" */ = {
			isa = XCConfigurationList;
			buildConfigurations = (
				4DD7DF092503B16D0088BD8D /* Debug */,
				4DD7DF0A2503B16D0088BD8D /* Release */,
			);
			defaultConfigurationIsVisible = 0;
			defaultConfigurationName = Release;
		};
		4DD7DF0B2503B16D0088BD8D /* Build configuration list for PBXNativeTarget "iOSMVCBase" */ = {
			isa = XCConfigurationList;
			buildConfigurations = (
				4DD7DF0C2503B16D0088BD8D /* Debug */,
				4DD7DF0D2503B16D0088BD8D /* Release */,
			);
			defaultConfigurationIsVisible = 0;
			defaultConfigurationName = Release;
		};
/* End XCConfigurationList section */
	};
	rootObject = 4DD7DEEF2503B16A0088BD8D /* Project object */;
}
